// !$*UTF8*$!
{
	archiveVersion = 1;
	classes = {
	};
	objectVersion = 56;
	objects = {

/* Begin PBXBuildFile section */
		1A0000010000000000000001 /* FaceTrackStandaloneApp.swift in Sources */ = {isa = PBXBuildFile; fileRef = 1A0000010000000000001001 /* FaceTrackStandaloneApp.swift */; };
		1A0000010000000000000002 /* Models.swift in Sources */ = {isa = PBXBuildFile; fileRef = 1A0000010000000000001002 /* Models.swift */; };
		1A0000010000000000000003 /* FaceMapping.swift in Sources */ = {isa = PBXBuildFile; fileRef = 1A0000010000000000001003 /* FaceMapping.swift */; };
		1A0000010000000000000004 /* OSCMessage.swift in Sources */ = {isa = PBXBuildFile; fileRef = 1A0000010000000000001004 /* OSCMessage.swift */; };
		1A0000010000000000000005 /* FaceStreamer.swift in Sources */ = {isa = PBXBuildFile; fileRef = 1A0000010000000000001005 /* FaceStreamer.swift */; };
		1A0000010000000000000006 /* CameraService.swift in Sources */ = {isa = PBXBuildFile; fileRef = 1A0000010000000000001006 /* CameraService.swift */; };
		1A0000010000000000000007 /* FaceLandmarkerService.swift in Sources */ = {isa = PBXBuildFile; fileRef = 1A0000010000000000001007 /* FaceLandmarkerService.swift */; };
		1A0000010000000000000008 /* FaceTrackViewModel.swift in Sources */ = {isa = PBXBuildFile; fileRef = 1A0000010000000000001008 /* FaceTrackViewModel.swift */; };
		1A0000010000000000000009 /* ContentView.swift in Sources */ = {isa = PBXBuildFile; fileRef = 1A0000010000000000001009 /* ContentView.swift */; };
		1A000001000000000000000A /* SettingsPanel.swift in Sources */ = {isa = PBXBuildFile; fileRef = 1A000001000000000000100A /* SettingsPanel.swift */; };
		1A000001000000000000000B /* CalibrationPanel.swift in Sources */ = {isa = PBXBuildFile; fileRef = 1A000001000000000000100B /* CalibrationPanel.swift */; };
		1A000001000000000000000C /* face_landmarker.task in Resources */ = {isa = PBXBuildFile; fileRef = 1A000001000000000000100C /* face_landmarker.task */; };
		1A000001000000000000000D /* FaceMappingTests.swift in Sources */ = {isa = PBXBuildFile; fileRef = 1A000001000000000000100D /* FaceMappingTests.swift */; };
		1A000001000000000000000E /* OSCMessageTests.swift in Sources */ = {isa = PBXBuildFile; fileRef = 1A000001000000000000100E /* OSCMessageTests.swift */; };
/* End PBXBuildFile section */

/* Begin PBXFileReference section */
		1A0000010000000000000100 /* FaceTrackStandalone.app */ = {isa = PBXFileReference; explicitFileType = wrapper.application; includeInIndex = 0; path = FaceTrackStandalone.app; sourceTree = BUILT_PRODUCTS_DIR; };
		1A0000010000000000000101 /* FaceTrackStandaloneTests.xctest */ = {isa = PBXFileReference; explicitFileType = wrapper.cfbundle; includeInIndex = 0; path = FaceTrackStandaloneTests.xctest; sourceTree = BUILT_PRODUCTS_DIR; };
		1A0000010000000000001001 /* FaceTrackStandaloneApp.swift */ = {isa = PBXFileReference; lastKnownFileType = sourcecode.swift; path = FaceTrackStandaloneApp.swift; sourceTree = "<group>"; };
		1A0000010000000000001002 /* Models.swift */ = {isa = PBXFileReference; lastKnownFileType = sourcecode.swift; path = Models.swift; sourceTree = "<group>"; };
		1A0000010000000000001003 /* FaceMapping.swift */ = {isa = PBXFileReference; lastKnownFileType = sourcecode.swift; path = FaceMapping.swift; sourceTree = "<group>"; };
		1A0000010000000000001004 /* OSCMessage.swift */ = {isa = PBXFileReference; lastKnownFileType = sourcecode.swift; path = OSCMessage.swift; sourceTree = "<group>"; };
		1A0000010000000000001005 /* FaceStreamer.swift */ = {isa = PBXFileReference; lastKnownFileType = sourcecode.swift; path = FaceStreamer.swift; sourceTree = "<group>"; };
		1A0000010000000000001006 /* CameraService.swift */ = {isa = PBXFileReference; lastKnownFileType = sourcecode.swift; path = CameraService.swift; sourceTree = "<group>"; };
		1A0000010000000000001007 /* FaceLandmarkerService.swift */ = {isa = PBXFileReference; lastKnownFileType = sourcecode.swift; path = FaceLandmarkerService.swift; sourceTree = "<group>"; };
		1A0000010000000000001008 /* FaceTrackViewModel.swift */ = {isa = PBXFileReference; lastKnownFileType = sourcecode.swift; path = FaceTrackViewModel.swift; sourceTree = "<group>"; };
		1A0000010000000000001009 /* ContentView.swift */ = {isa = PBXFileReference; lastKnownFileType = sourcecode.swift; path = ContentView.swift; sourceTree = "<group>"; };
		1A000001000000000000100A /* SettingsPanel.swift */ = {isa = PBXFileReference; lastKnownFileType = sourcecode.swift; path = SettingsPanel.swift; sourceTree = "<group>"; };
		1A000001000000000000100B /* CalibrationPanel.swift */ = {isa = PBXFileReference; lastKnownFileType = sourcecode.swift; path = CalibrationPanel.swift; sourceTree = "<group>"; };
		1A000001000000000000100C /* face_landmarker.task */ = {isa = PBXFileReference; lastKnownFileType = file; path = face_landmarker.task; sourceTree = "<group>"; };
		1A000001000000000000100D /* FaceMappingTests.swift */ = {isa = PBXFileReference; lastKnownFileType = sourcecode.swift; path = FaceMappingTests.swift; sourceTree = "<group>"; };
		1A000001000000000000100E /* OSCMessageTests.swift */ = {isa = PBXFileReference; lastKnownFileType = sourcecode.swift; path = OSCMessageTests.swift; sourceTree = "<group>"; };
		1A000001000000000000100F /* Info.plist */ = {isa = PBXFileReference; lastKnownFileType = text.plist.xml; path = Info.plist; sourceTree = "<group>"; };
/* End PBXFileReference section */

/* Begin PBXFrameworksBuildPhase section */
		1A0000010000000000000200 /* Frameworks */ = {isa = PBXFrameworksBuildPhase; buildActionMask = 2147483647; files = ( ); runOnlyForDeploymentPostprocessing = 0; };
		1A0000010000000000000201 /* Frameworks */ = {isa = PBXFrameworksBuildPhase; buildActionMask = 2147483647; files = ( ); runOnlyForDeploymentPostprocessing = 0; };
/* End PBXFrameworksBuildPhase section */

/* Begin PBXGroup section */
		1A0000010000000000000300 = {
			isa = PBXGroup;
			children = (
				1A0000010000000000000301 /* FaceTrackStandalone */,
				1A0000010000000000000302 /* FaceTrackStandaloneTests */,
				1A0000010000000000000303 /* Products */,
			);
			sourceTree = "<group>";
		};
		1A0000010000000000000301 /* FaceTrackStandalone */ = {
			isa = PBXGroup;
			children = (
				1A000001000000000000100F /* Info.plist */,
				1A0000010000000000001001 /* FaceTrackStandaloneApp.swift */,
				1A0000010000000000001002 /* Models.swift */,
				1A0000010000000000001003 /* FaceMapping.swift */,
				1A0000010000000000001004 /* OSCMessage.swift */,
				1A0000010000000000001005 /* FaceStreamer.swift */,
				1A0000010000000000001006 /* CameraService.swift */,
				1A0000010000000000001007 /* FaceLandmarkerService.swift */,
				1A0000010000000000001008 /* FaceTrackViewModel.swift */,
				1A0000010000000000001009 /* ContentView.swift */,
				1A000001000000000000100A /* SettingsPanel.swift */,
				1A000001000000000000100B /* CalibrationPanel.swift */,
				1A0000010000000000000304 /* Resources */,
			);
			path = FaceTrackStandalone;
			sourceTree = "<group>";
		};
		1A0000010000000000000302 /* FaceTrackStandaloneTests */ = {
			isa = PBXGroup;
			children = (
				1A000001000000000000100D /* FaceMappingTests.swift */,
				1A000001000000000000100E /* OSCMessageTests.swift */,
			);
			path = FaceTrackStandaloneTests;
			sourceTree = "<group>";
		};
		1A0000010000000000000303 /* Products */ = {
			isa = PBXGroup;
			children = (
				1A0000010000000000000100 /* FaceTrackStandalone.app */,
				1A0000010000000000000101 /* FaceTrackStandaloneTests.xctest */,
			);
			name = Products;
			sourceTree = "<group>";
		};
		1A0000010000000000000304 /* Resources */ = {
			isa = PBXGroup;
			children = (
				1A000001000000000000100C /* face_landmarker.task */,
			);
			path = Resources;
			sourceTree = "<group>";
		};
/* End PBXGroup section */

/* Begin PBXNativeTarget section */
		1A0000010000000000000400 /* FaceTrackStandalone */ = {
			isa = PBXNativeTarget;
			buildConfigurationList = 1A0000010000000000000601 /* Build configuration list for PBXNativeTarget "FaceTrackStandalone" */;
			buildPhases = (
				1A0000010000000000000500 /* Sources */,
				1A0000010000000000000200 /* Frameworks */,
				1A0000010000000000000501 /* Resources */,
			);
			buildRules = ( );
			dependencies = ( );
			name = FaceTrackStandalone;
			productName = FaceTrackStandalone;
			productReference = 1A0000010000000000000100 /* FaceTrackStandalone.app */;
			productType = "com.apple.product-type.application";
		};
		1A0000010000000000000401 /* FaceTrackStandaloneTests */ = {
			isa = PBXNativeTarget;
			buildConfigurationList = 1A0000010000000000000602 /* Build configuration list for PBXNativeTarget "FaceTrackStandaloneTests" */;
			buildPhases = (
				1A0000010000000000000502 /* Sources */,
				1A0000010000000000000201 /* Frameworks */,
			);
			buildRules = ( );
			dependencies = (
				1A0000010000000000000700 /* PBXTargetDependency */,
			);
			name = FaceTrackStandaloneTests;
			productName = FaceTrackStandaloneTests;
			productReference = 1A0000010000000000000101 /* FaceTrackStandaloneTests.xctest */;
			productType = "com.apple.product-type.bundle.unit-test";
		};
/* End PBXNativeTarget section */

/* Begin PBXProject section */
		1A0000010000000000000402 /* Project object */ = {
			isa = PBXProject;
			attributes = {
				BuildIndependentTargetsInParallel = 1;
				LastSwiftUpdateCheck = 1530;
				LastUpgradeCheck = 1530;
				TargetAttributes = {
					1A0000010000000000000400 = {
						CreatedOnToolsVersion = 15.3;
					};
					1A0000010000000000000401 = {
						CreatedOnToolsVersion = 15.3;
						TestTargetID = 1A0000010000000000000400;
					};
				};
			};
			buildConfigurationList = 1A0000010000000000000600 /* Build configuration list for PBXProject "FaceTrackStandalone" */;
			compatibilityVersion = "Xcode 14.0";
			developmentRegion = en;
			hasScannedForEncodings = 0;
			knownRegions = ( en, Base );
			mainGroup = 1A0000010000000000000300;
			productRefGroup = 1A0000010000000000000303 /* Products */;
			projectDirPath = "";
			projectRoot = "";
			targets = (
				1A0000010000000000000400 /* FaceTrackStandalone */,
				1A0000010000000000000401 /* FaceTrackStandaloneTests */,
			);
		};
/* End PBXProject section */

/* Begin PBXResourcesBuildPhase section */
		1A0000010000000000000501 /* Resources */ = {
			isa = PBXResourcesBuildPhase;
			buildActionMask = 2147483647;
			files = (
				1A000001000000000000000C /* face_landmarker.task in Resources */,
			);
			runOnlyForDeploymentPostprocessing = 0;
		};
/* End PBXResourcesBuildPhase section */

/* Begin PBXSourcesBuildPhase section */
		1A0000010000000000000500 /* Sources */ = {
			isa = PBXSourcesBuildPhase;
			buildActionMask = 2147483647;
			files = (
				1A0000010000000000000001 /* FaceTrackStandaloneApp.swift in Sources */,
				1A0000010000000000000002 /* Models.swift in Sources */,
				1A0000010000000000000003 /* FaceMapping.swift in Sources */,
				1A0000010000000000000004 /* OSCMessage.swift in Sources */,
				1A0000010000000000000005 /* FaceStreamer.swift in Sources */,
				1A0000010000000000000006 /* CameraService.swift in Sources */,
				1A0000010000000000000007 /* FaceLandmarkerService.swift in Sources */,
				1A0000010000000000000008 /* FaceTrackViewModel.swift in Sources */,
				1A0000010000000000000009 /* ContentView.swift in Sources */,
				1A000001000000000000000A /* SettingsPanel.swift in Sources */,
				1A000001000000000000000B /* CalibrationPanel.swift in Sources */,
			);
			runOnlyForDeploymentPostprocessing = 0;
		};
		1A0000010000000000000502 /* Sources */ = {
			isa = PBXSourcesBuildPhase;
			buildActionMask = 2147483647;
			files = (
				1A000001000000000000000D /* FaceMappingTests.swift in Sources */,
				1A000001000000000000000E /* OSCMessageTests.swift in Sources */,
			);
			runOnlyForDeploymentPostprocessing = 0;
		};
/* End PBXSourcesBuildPhase section */

/* Begin PBXTargetDependency section */
		1A0000010000000000000700 /* PBXTargetDependency */ = {
			isa = PBXTargetDependency;
			target = 1A0000010000000000000400 /* FaceTrackStandalone */;
			targetProxy = 1A0000010000000000000701 /* PBXContainerItemProxy */;
		};
/* End PBXTargetDependency section */

/* Begin PBXContainerItemProxy section */
		1A0000010000000000000701 /* PBXContainerItemProxy */ = {
			isa = PBXContainerItemProxy;
			containerPortal = 1A0000010000000000000402 /* Project object */;
			proxyType = 1;
			remoteGlobalIDString = 1A0000010000000000000400;
			remoteInfo = FaceTrackStandalone;
		};
/* End PBXContainerItemProxy section */

/* Begin XCBuildConfiguration section */
		1A0000010000000000000800 /* Debug */ = {
			isa = XCBuildConfiguration;
			buildSettings = {
				ALWAYS_SEARCH_USER_PATHS = NO;
				CLANG_ANALYZER_NONNULL = YES;
				CLANG_ANALYZER_NUMBER_OBJECT_CONVERSION = YES_AGGRESSIVE;
				CLANG_CXX_LANGUAGE_STANDARD = "gnu++20";
				CLANG_ENABLE_MODULES = YES;
				CLANG_ENABLE_OBJC_ARC = YES;
				CLANG_ENABLE_OBJC_WEAK = YES;
				CLANG_WARN_BLOCK_CAPTURE_AUTORELEASING = YES;
				CLANG_WARN_BOOL_CONVERSION = YES;
				CLANG_WARN_COMMA = YES;
				CLANG_WARN_CONSTANT_CONVERSION = YES;
				CLANG_WARN_DEPRECATED_OBJC_IMPLEMENTATIONS = YES;
				CLANG_WARN_DIRECT_OBJC_ISA_USAGE = YES_ERROR;
				CLANG_WARN_DOCUMENTATION_COMMENTS = YES;
				CLANG_WARN_EMPTY_BODY = YES;
				CLANG_WARN_ENUM_CONVERSION = YES;
				CLANG_WARN_INFINITE_RECURSION = YES;
				CLANG_WARN_INT_CONVERSION = YES;
				CLANG_WARN_NON_LITERAL_NULL_CONVERSION = YES;
				CLANG_WARN_OBJC_IMPLICIT_RETAIN_SELF = YES;
				CLANG_WARN_OBJC_LITERAL_CONVERSION = YES;
				CLANG_WARN_OBJC_ROOT_CLASS = YES_ERROR;
				CLANG_WARN_QUOTED_INCLUDE_IN_FRAMEWORK_HEADER = YES;
				CLANG_WARN_RANGE_LOOP_ANALYSIS = YES;
				CLANG_WARN_STRICT_PROTOTYPES = YES;
				CLANG_WARN_SUSPICIOUS_MOVE = YES;
				CLANG_WARN_UNGUARDED_AVAILABILITY = YES_AGGRESSIVE;
				CLANG_WARN_UNREACHABLE_CODE = YES;
				CLANG_WARN__DUPLICATE_METHOD_MATCH = YES;
				COPY_PHASE_STRIP = NO;
				DEBUG_INFORMATION_FORMAT = dwarf;
				ENABLE_STRICT_OBJC_MSGSEND = YES;
				ENABLE_TESTABILITY = YES;
				GCC_C_LANGUAGE_STANDARD = gnu17;
				GCC_DYNAMIC_NO_PIC = NO;
				GCC_NO_COMMON_BLOCKS = YES;
				GCC_OPTIMIZATION_LEVEL = 0;
				GCC_PREPROCESSOR_DEFINITIONS = ( "DEBUG=1", "$(inherited)" );
				GCC_WARN_64_TO_32_BIT_CONVERSION = YES;
				GCC_WARN_ABOUT_RETURN_TYPE = YES_ERROR;
				GCC_WARN_UNDECLARED_SELECTOR = YES;
				GCC_WARN_UNINITIALIZED_AUTOS = YES_AGGRESSIVE;
				GCC_WARN_UNUSED_FUNCTION = YES;
				GCC_WARN_UNUSED_VARIABLE = YES;
				IPHONEOS_DEPLOYMENT_TARGET = 15.0;
				MTL_ENABLE_DEBUG_INFO = INCLUDE_SOURCE;
				MTL_FAST_MATH = YES;
				ONLY_ACTIVE_ARCH = YES;
				SDKROOT = iphoneos;
				SWIFT_ACTIVE_COMPILATION_CONDITIONS = DEBUG;
				SWIFT_OPTIMIZATION_LEVEL = "-Onone";
			};
			name = Debug;
		};
		1A0000010000000000000801 /* Release */ = {
			isa = XCBuildConfiguration;
			buildSettings = {
				ALWAYS_SEARCH_USER_PATHS = NO;
				CLANG_ANALYZER_NONNULL = YES;
				CLANG_ANALYZER_NUMBER_OBJECT_CONVERSION = YES_AGGRESSIVE;
				CLANG_CXX_LANGUAGE_STANDARD = "gnu++20";
				CLANG_ENABLE_MODULES = YES;
				CLANG_ENABLE_OBJC_ARC = YES;
				CLANG_ENABLE_OBJC_WEAK = YES;
				CLANG_WARN_BLOCK_CAPTURE_AUTORELEASING = YES;
				CLANG_WARN_BOOL_CONVERSION = YES;
				CLANG_WARN_COMMA = YES;
				CLANG_WARN_CONSTANT_CONVERSION = YES;
				CLANG_WARN_DEPRECATED_OBJC_IMPLEMENTATIONS = YES;
				CLANG_WARN_DIRECT_OBJC_ISA_USAGE = YES_ERROR;
				CLANG_WARN_DOCUMENTATION_COMMENTS = YES;
				CLANG_WARN_EMPTY_BODY = YES;
				CLANG_WARN_ENUM_CONVERSION = YES;
				CLANG_WARN_INFINITE_RECURSION = YES;
				CLANG_WARN_INT_CONVERSION = YES;
				CLANG_WARN_NON_LITERAL_NULL_CONVERSION = YES;
				CLANG_WARN_OBJC_IMPLICIT_RETAIN_SELF = YES;
				CLANG_WARN_OBJC_LITERAL_CONVERSION = YES;
				CLANG_WARN_OBJC_ROOT_CLASS = YES_ERROR;
				CLANG_WARN_QUOTED_INCLUDE_IN_FRAMEWORK_HEADER = YES;
				CLANG_WARN_RANGE_LOOP_ANALYSIS = YES;
				CLANG_WARN_STRICT_PROTOTYPES = YES;
				CLANG_WARN_SUSPICIOUS_MOVE = YES;
				CLANG_WARN_UNGUARDED_AVAILABILITY = YES_AGGRESSIVE;
				CLANG_WARN_UNREACHABLE_CODE = YES;
				CLANG_WARN__DUPLICATE_METHOD_MATCH = YES;
				COPY_PHASE_STRIP = NO;
				DEBUG_INFORMATION_FORMAT = "dwarf-with-dsym";
				ENABLE_NS_ASSERTIONS = NO;
				ENABLE_STRICT_OBJC_MSGSEND = YES;
				GCC_C_LANGUAGE_STANDARD = gnu17;
				GCC_NO_COMMON_BLOCKS = YES;
				GCC_WARN_64_TO_32_BIT_CONVERSION = YES;
				GCC_WARN_ABOUT_RETURN_TYPE = YES_ERROR;
				GCC_WARN_UNDECLARED_SELECTOR = YES;
				GCC_WARN_UNINITIALIZED_AUTOS = YES_AGGRESSIVE;
				GCC_WARN_UNUSED_FUNCTION = YES;
				GCC_WARN_UNUSED_VARIABLE = YES;
				IPHONEOS_DEPLOYMENT_TARGET = 15.0;
				MTL_ENABLE_DEBUG_INFO = NO;
				MTL_FAST_MATH = YES;
				SDKROOT = iphoneos;
				SWIFT_COMPILATION_MODE = wholemodule;
				SWIFT_OPTIMIZATION_LEVEL = "-O";
				VALIDATE_PRODUCT = YES;
			};
			name = Release;
		};
		1A0000010000000000000802 /* Debug */ = {
			isa = XCBuildConfiguration;
			buildSettings = {
				CODE_SIGN_STYLE = Automatic;
				CURRENT_PROJECT_VERSION = 4;
				DEVELOPMENT_ASSET_PATHS = "";
				DEVELOPMENT_TEAM = "";
				GENERATE_INFOPLIST_FILE = NO;
				INFOPLIST_FILE = FaceTrackStandalone/Info.plist;
				IPHONEOS_DEPLOYMENT_TARGET = 15.0;
				LD_RUNPATH_SEARCH_PATHS = ( "$(inherited)", "@executable_path/Frameworks" );
				MARKETING_VERSION = 1.4;
				PRODUCT_BUNDLE_IDENTIFIER = com.facetrack.standalone.ios;
				PRODUCT_NAME = "$(TARGET_NAME)";
				SWIFT_EMIT_LOC_STRINGS = YES;
				SWIFT_VERSION = 5.0;
				TARGETED_DEVICE_FAMILY = "1,2";
			};
			name = Debug;
		};
		1A0000010000000000000803 /* Release */ = {
			isa = XCBuildConfiguration;
			buildSettings = {
				CODE_SIGN_STYLE = Automatic;
				CURRENT_PROJECT_VERSION = 4;
				DEVELOPMENT_ASSET_PATHS = "";
				DEVELOPMENT_TEAM = "";
				GENERATE_INFOPLIST_FILE = NO;
				INFOPLIST_FILE = FaceTrackStandalone/Info.plist;
				IPHONEOS_DEPLOYMENT_TARGET = 15.0;
				LD_RUNPATH_SEARCH_PATHS = ( "$(inherited)", "@executable_path/Frameworks" );
				MARKETING_VERSION = 1.4;
				PRODUCT_BUNDLE_IDENTIFIER = com.facetrack.standalone.ios;
				PRODUCT_NAME = "$(TARGET_NAME)";
				SWIFT_EMIT_LOC_STRINGS = YES;
				SWIFT_VERSION = 5.0;
				TARGETED_DEVICE_FAMILY = "1,2";
			};
			name = Release;
		};
		1A0000010000000000000804 /* Debug */ = {
			isa = XCBuildConfiguration;
			buildSettings = {
				BUNDLE_LOADER = "$(TEST_HOST)";
				CODE_SIGN_STYLE = Automatic;
				DEVELOPMENT_TEAM = "";
				GENERATE_INFOPLIST_FILE = YES;
				IPHONEOS_DEPLOYMENT_TARGET = 15.0;
				LD_RUNPATH_SEARCH_PATHS = ( "$(inherited)", "@executable_path/Frameworks", "@loader_path/Frameworks" );
				PRODUCT_BUNDLE_IDENTIFIER = com.facetrack.standalone.ios.tests;
				PRODUCT_NAME = "$(TARGET_NAME)";
				SWIFT_VERSION = 5.0;
				TEST_HOST = "$(BUILT_PRODUCTS_DIR)/FaceTrackStandalone.app/$(BUNDLE_EXECUTABLE_FOLDER_PATH)/FaceTrackStandalone";
			};
			name = Debug;
		};
		1A0000010000000000000805 /* Release */ = {
			isa = XCBuildConfiguration;
			buildSettings = {
				BUNDLE_LOADER = "$(TEST_HOST)";
				CODE_SIGN_STYLE = Automatic;
				DEVELOPMENT_TEAM = "";
				GENERATE_INFOPLIST_FILE = YES;
				IPHONEOS_DEPLOYMENT_TARGET = 15.0;
				LD_RUNPATH_SEARCH_PATHS = ( "$(inherited)", "@executable_path/Frameworks", "@loader_path/Frameworks" );
				PRODUCT_BUNDLE_IDENTIFIER = com.facetrack.standalone.ios.tests;
				PRODUCT_NAME = "$(TARGET_NAME)";
				SWIFT_VERSION = 5.0;
				TEST_HOST = "$(BUILT_PRODUCTS_DIR)/FaceTrackStandalone.app/$(BUNDLE_EXECUTABLE_FOLDER_PATH)/FaceTrackStandalone";
			};
			name = Release;
		};
/* End XCBuildConfiguration section */

/* Begin XCConfigurationList section */
		1A0000010000000000000600 /* Build configuration list for PBXProject "FaceTrackStandalone" */ = {
			isa = XCConfigurationList;
			buildConfigurations = (
				1A0000010000000000000800 /* Debug */,
				1A0000010000000000000801 /* Release */,
			);
			defaultConfigurationIsVisible = 0;
			defaultConfigurationName = Release;
		};
		1A0000010000000000000601 /* Build configuration list for PBXNativeTarget "FaceTrackStandalone" */ = {
			isa = XCConfigurationList;
			buildConfigurations = (
				1A0000010000000000000802 /* Debug */,
				1A0000010000000000000803 /* Release */,
			);
			defaultConfigurationIsVisible = 0;
			defaultConfigurationName = Release;
		};
		1A0000010000000000000602 /* Build configuration list for PBXNativeTarget "FaceTrackStandaloneTests" */ = {
			isa = XCConfigurationList;
			buildConfigurations = (
				1A0000010000000000000804 /* Debug */,
				1A0000010000000000000805 /* Release */,
			);
			defaultConfigurationIsVisible = 0;
			defaultConfigurationName = Release;
		};
/* End XCConfigurationList section */
	};
	rootObject = 1A0000010000000000000402 /* Project object */;
}
